
Microsoft Visual Studio Solution File, Format Version 12.00
# Visual Studio Version 17
VisualStudioVersion = 17.0.31912.275
MinimumVisualStudioVersion = 10.0.40219.1
Project("{FAE04EC0-301F-11D3-BF4B-00C04F79EFBC}") = "Calculator", "Calculator\Calculator.csproj", "{BC1F3531-802A-4987-A149-D2D942EE85FF}"
EndProject
Global
	GlobalSection(SolutionConfigurationPlatforms) = preSolution
		Debug|Any CPU = Debug|Any CPU
		Release|Any CPU = Release|Any CPU
	EndGlobalSection
	GlobalSection(ProjectConfigurationPlatforms) = postSolution
		{BC1F3531-802A-4987-A149-D2D942EE85FF}.Debug|Any CPU.ActiveCfg = Debug|Any CPU
		{BC1F3531-802A-4987-A149-D2D942EE85FF}.Debug|Any CPU.Build.0 = Debug|Any CPU
		{BC1F3531-802A-4987-A149-D2D942EE85FF}.Release|Any CPU.ActiveCfg = Release|Any CPU
		{BC1F3531-802A-4987-A149-D2D942EE85FF}.Release|Any CPU.Build.0 = Release|Any CPU
	EndGlobalSection
	GlobalSection(SolutionProperties) = preSolution
		HideSolutionNode = FALSE
	EndGlobalSection
	GlobalSection(ExtensibilityGlobals) = postSolution
		SolutionGuid = {9B390AB4-3F59-4134-8F05-F5849F0518C4}
	EndGlobalSection
EndGlobal
